// !$*UTF8*$!
{
	archiveVersion = 1;
	classes = {
	};
	objectVersion = 46;
	objects = {

/* Begin PBXBuildFile section */
		6ECF470C1CB2277D00CAA48A /* AppDelegate.swift in Sources */ = {isa = PBXBuildFile; fileRef = 6ECF470B1CB2277D00CAA48A /* AppDelegate.swift */; };
		6ECF470E1CB2277D00CAA48A /* PsychologistViewController.swift in Sources */ = {isa = PBXBuildFile; fileRef = 6ECF470D1CB2277D00CAA48A /* PsychologistViewController.swift */; };
		6ECF47111CB2277D00CAA48A /* Main.storyboard in Resources */ = {isa = PBXBuildFile; fileRef = 6ECF470F1CB2277D00CAA48A /* Main.storyboard */; };
		6ECF47131CB2277D00CAA48A /* Assets.xcassets in Resources */ = {isa = PBXBuildFile; fileRef = 6ECF47121CB2277D00CAA48A /* Assets.xcassets */; };
		6ECF47161CB2277D00CAA48A /* LaunchScreen.storyboard in Resources */ = {isa = PBXBuildFile; fileRef = 6ECF47141CB2277D00CAA48A /* LaunchScreen.storyboard */; };
		6ECF471F1CB22AA000CAA48A /* HappinessViewController.swift in Sources */ = {isa = PBXBuildFile; fileRef = 6ECF471D1CB22AA000CAA48A /* HappinessViewController.swift */; };
		6ECF47201CB22AA000CAA48A /* FaceView.swift in Sources */ = {isa = PBXBuildFile; fileRef = 6ECF471E1CB22AA000CAA48A /* FaceView.swift */; };
/* End PBXBuildFile section */

/* Begin PBXFileReference section */
		6ECF47081CB2277D00CAA48A /* Psychologist-L7.app */ = {isa = PBXFileReference; explicitFileType = wrapper.application; includeInIndex = 0; path = "Psychologist-L7.app"; sourceTree = BUILT_PRODUCTS_DIR; };
		6ECF470B1CB2277D00CAA48A /* AppDelegate.swift */ = {isa = PBXFileReference; lastKnownFileType = sourcecode.swift; path = AppDelegate.swift; sourceTree = "<group>"; };
		6ECF470D1CB2277D00CAA48A /* PsychologistViewController.swift */ = {isa = PBXFileReference; lastKnownFileType = sourcecode.swift; path = PsychologistViewController.swift; sourceTree = "<group>"; };
		6ECF47101CB2277D00CAA48A /* Base */ = {isa = PBXFileReference; lastKnownFileType = file.storyboard; name = Base; path = Base.lproj/Main.storyboard; sourceTree = "<group>"; };
		6ECF47121CB2277D00CAA48A /* Assets.xcassets */ = {isa = PBXFileReference; lastKnownFileType = folder.assetcatalog; path = Assets.xcassets; sourceTree = "<group>"; };
		6ECF47151CB2277D00CAA48A /* Base */ = {isa = PBXFileReference; lastKnownFileType = file.storyboard; name = Base; path = Base.lproj/LaunchScreen.storyboard; sourceTree = "<group>"; };
		6ECF47171CB2277D00CAA48A /* Info.plist */ = {isa = PBXFileReference; lastKnownFileType = text.plist.xml; path = Info.plist; sourceTree = "<group>"; };
		6ECF471D1CB22AA000CAA48A /* HappinessViewController.swift */ = {isa = PBXFileReference; fileEncoding = 4; lastKnownFileType = sourcecode.swift; path = HappinessViewController.swift; sourceTree = "<group>"; };
		6ECF471E1CB22AA000CAA48A /* FaceView.swift */ = {isa = PBXFileReference; fileEncoding = 4; lastKnownFileType = sourcecode.swift; path = FaceView.swift; sourceTree = "<group>"; };
/* End PBXFileReference section */

/* Begin PBXFrameworksBuildPhase section */
		6ECF47051CB2277D00CAA48A /* Frameworks */ = {
			isa = PBXFrameworksBuildPhase;
			buildActionMask = 2147483647;
			files = (
			);
			runOnlyForDeploymentPostprocessing = 0;
		};
/* End PBXFrameworksBuildPhase section */

/* Begin PBXGroup section */
		6ECF46FF1CB2277D00CAA48A = {
			isa = PBXGroup;
			children = (
				6ECF470A1CB2277D00CAA48A /* Psychologist-L7 */,
				6ECF47091CB2277D00CAA48A /* Products */,
			);
			sourceTree = "<group>";
		};
		6ECF47091CB2277D00CAA48A /* Products */ = {
			isa = PBXGroup;
			children = (
				6ECF47081CB2277D00CAA48A /* Psychologist-L7.app */,
			);
			name = Products;
			sourceTree = "<group>";
		};
		6ECF470A1CB2277D00CAA48A /* Psychologist-L7 */ = {
			isa = PBXGroup;
			children = (
				6ECF470B1CB2277D00CAA48A /* AppDelegate.swift */,
				6ECF470D1CB2277D00CAA48A /* PsychologistViewController.swift */,
				6ECF470F1CB2277D00CAA48A /* Main.storyboard */,
				6ECF471D1CB22AA000CAA48A /* HappinessViewController.swift */,
				6ECF471E1CB22AA000CAA48A /* FaceView.swift */,
				6ECF47121CB2277D00CAA48A /* Assets.xcassets */,
				6ECF47141CB2277D00CAA48A /* LaunchScreen.storyboard */,
				6ECF47171CB2277D00CAA48A /* Info.plist */,
			);
			path = "Psychologist-L7";
			sourceTree = "<group>";
		};
/* End PBXGroup section */

/* Begin PBXNativeTarget section */
		6ECF47071CB2277D00CAA48A /* Psychologist-L7 */ = {
			isa = PBXNativeTarget;
			buildConfigurationList = 6ECF471A1CB2277D00CAA48A /* Build configuration list for PBXNativeTarget "Psychologist-L7" */;
			buildPhases = (
				6ECF47041CB2277D00CAA48A /* Sources */,
				6ECF47051CB2277D00CAA48A /* Frameworks */,
				6ECF47061CB2277D00CAA48A /* Resources */,
			);
			buildRules = (
			);
			dependencies = (
			);
			name = "Psychologist-L7";
			productName = "Psychologist-L7";
			productReference = 6ECF47081CB2277D00CAA48A /* Psychologist-L7.app */;
			productType = "com.apple.product-type.application";
		};
/* End PBXNativeTarget section */

/* Begin PBXProject section */
		6ECF47001CB2277D00CAA48A /* Project object */ = {
			isa = PBXProject;
			attributes = {
				LastSwiftUpdateCheck = 0730;
				LastUpgradeCheck = 0730;
				ORGANIZATIONNAME = Anoop;
				TargetAttributes = {
					6ECF47071CB2277D00CAA48A = {
						CreatedOnToolsVersion = 7.3;
						DevelopmentTeam = 985Q2B2R3X;
					};
				};
			};
			buildConfigurationList = 6ECF47031CB2277D00CAA48A /* Build configuration list for PBXProject "Psychologist-L7" */;
			compatibilityVersion = "Xcode 3.2";
			developmentRegion = English;
			hasScannedForEncodings = 0;
			knownRegions = (
				en,
				Base,
			);
			mainGroup = 6ECF46FF1CB2277D00CAA48A;
			productRefGroup = 6ECF47091CB2277D00CAA48A /* Products */;
			projectDirPath = "";
			projectRoot = "";
			targets = (
				6ECF47071CB2277D00CAA48A /* Psychologist-L7 */,
			);
		};
/* End PBXProject section */

/* Begin PBXResourcesBuildPhase section */
		6ECF47061CB2277D00CAA48A /* Resources */ = {
			isa = PBXResourcesBuildPhase;
			buildActionMask = 2147483647;
			files = (
				6ECF47161CB2277D00CAA48A /* LaunchScreen.storyboard in Resources */,
				6ECF47131CB2277D00CAA48A /* Assets.xcassets in Resources */,
				6ECF47111CB2277D00CAA48A /* Main.storyboard in Resources */,
			);
			runOnlyForDeploymentPostprocessing = 0;
		};
/* End PBXResourcesBuildPhase section */

/* Begin PBXSourcesBuildPhase section */
		6ECF47041CB2277D00CAA48A /* Sources */ = {
			isa = PBXSourcesBuildPhase;
			buildActionMask = 2147483647;
			files = (
				6ECF470E1CB2277D00CAA48A /* PsychologistViewController.swift in Sources */,
				6ECF471F1CB22AA000CAA48A /* HappinessViewController.swift in Sources */,
				6ECF470C1CB2277D00CAA48A /* AppDelegate.swift in Sources */,
				6ECF47201CB22AA000CAA48A /* FaceView.swift in Sources */,
			);
			runOnlyForDeploymentPostprocessing = 0;
		};
/* End PBXSourcesBuildPhase section */

/* Begin PBXVariantGroup section */
		6ECF470F1CB2277D00CAA48A /* Main.storyboard */ = {
			isa = PBXVariantGroup;
			children = (
				6ECF47101CB2277D00CAA48A /* Base */,
			);
			name = Main.storyboard;
			sourceTree = "<group>";
		};
		6ECF47141CB2277D00CAA48A /* LaunchScreen.storyboard */ = {
			isa = PBXVariantGroup;
			children = (
				6ECF47151CB2277D00CAA48A /* Base */,
			);
			name = LaunchScreen.storyboard;
			sourceTree = "<group>";
		};
/* End PBXVariantGroup section */

/* Begin XCBuildConfiguration section */
		6ECF47181CB2277D00CAA48A /* Debug */ = {
			isa = XCBuildConfiguration;
			buildSettings = {
				ALWAYS_SEARCH_USER_PATHS = NO;
				CLANG_ANALYZER_NONNULL = YES;
				CLANG_CXX_LANGUAGE_STANDARD = "gnu++0x";
				CLANG_CXX_LIBRARY = "libc++";
				CLANG_ENABLE_MODULES = YES;
				CLANG_ENABLE_OBJC_ARC = YES;
				CLANG_WARN_BOOL_CONVERSION = YES;
				CLANG_WARN_CONSTANT_CONVERSION = YES;
				CLANG_WARN_DIRECT_OBJC_ISA_USAGE = YES_ERROR;
				CLANG_WARN_EMPTY_BODY = YES;
				CLANG_WARN_ENUM_CONVERSION = YES;
				CLANG_WARN_INT_CONVERSION = YES;
				CLANG_WARN_OBJC_ROOT_CLASS = YES_ERROR;
				CLANG_WARN_UNREACHABLE_CODE = YES;
				CLANG_WARN__DUPLICATE_METHOD_MATCH = YES;
				"CODE_SIGN_IDENTITY[sdk=iphoneos*]" = "iPhone Developer";
				COPY_PHASE_STRIP = NO;
				DEBUG_INFORMATION_FORMAT = dwarf;
				ENABLE_STRICT_OBJC_MSGSEND = YES;
				ENABLE_TESTABILITY = YES;
				GCC_C_LANGUAGE_STANDARD = gnu99;
				GCC_DYNAMIC_NO_PIC = NO;
				GCC_NO_COMMON_BLOCKS = YES;
				GCC_OPTIMIZATION_LEVEL = 0;
				GCC_PREPROCESSOR_DEFINITIONS = (
					"DEBUG=1",
					"$(inherited)",
				);
				GCC_WARN_64_TO_32_BIT_CONVERSION = YES;
				GCC_WARN_ABOUT_RETURN_TYPE = YES_ERROR;
				GCC_WARN_UNDECLARED_SELECTOR = YES;
				GCC_WARN_UNINITIALIZED_AUTOS = YES_AGGRESSIVE;
				GCC_WARN_UNUSED_FUNCTION = YES;
				GCC_WARN_UNUSED_VARIABLE = YES;
				IPHONEOS_DEPLOYMENT_TARGET = 9.3;
				MTL_ENABLE_DEBUG_INFO = YES;
				ONLY_ACTIVE_ARCH = YES;
				SDKROOT = iphoneos;
				SWIFT_OPTIMIZATION_LEVEL = "-Onone";
				TARGETED_DEVICE_FAMILY = "1,2";
			};
			name = Debug;
		};
		6ECF47191CB2277D00CAA48A /* Release */ = {
			isa = XCBuildConfiguration;
			buildSettings = {
				ALWAYS_SEARCH_USER_PATHS = NO;
				CLANG_ANALYZER_NONNULL = YES;
				CLANG_CXX_LANGUAGE_STANDARD = "gnu++0x";
				CLANG_CXX_LIBRARY = "libc++";
				CLANG_ENABLE_MODULES = YES;
				CLANG_ENABLE_OBJC_ARC = YES;
				CLANG_WARN_BOOL_CONVERSION = YES;
				CLANG_WARN_CONSTANT_CONVERSION = YES;
				CLANG_WARN_DIRECT_OBJC_ISA_USAGE = YES_ERROR;
				CLANG_WARN_EMPTY_BODY = YES;
				CLANG_WARN_ENUM_CONVERSION = YES;
				CLANG_WARN_INT_CONVERSION = YES;
				CLANG_WARN_OBJC_ROOT_CLASS = YES_ERROR;
				CLANG_WARN_UNREACHABLE_CODE = YES;
				CLANG_WARN__DUPLICATE_METHOD_MATCH = YES;
				"CODE_SIGN_IDENTITY[sdk=iphoneos*]" = "iPhone Developer";
				COPY_PHASE_STRIP = NO;
				DEBUG_INFORMATION_FORMAT = "dwarf-with-dsym";
				ENABLE_NS_ASSERTIONS = NO;
				ENABLE_STRICT_OBJC_MSGSEND = YES;
				GCC_C_LANGUAGE_STANDARD = gnu99;
				GCC_NO_COMMON_BLOCKS = YES;
				GCC_WARN_64_TO_32_BIT_CONVERSION = YES;
				GCC_WARN_ABOUT_RETURN_TYPE = YES_ERROR;
				GCC_WARN_UNDECLARED_SELECTOR = YES;
				GCC_WARN_UNINITIALIZED_AUTOS = YES_AGGRESSIVE;
				GCC_WARN_UNUSED_FUNCTION = YES;
				GCC_WARN_UNUSED_VARIABLE = YES;
				IPHONEOS_DEPLOYMENT_TARGET = 9.3;
				MTL_ENABLE_DEBUG_INFO = NO;
				SDKROOT = iphoneos;
				TARGETED_DEVICE_FAMILY = "1,2";
				VALIDATE_PRODUCT = YES;
			};
			name = Release;
		};
		6ECF471B1CB2277D00CAA48A /* Debug */ = {
			isa = XCBuildConfiguration;
			buildSettings = {
				ASSETCATALOG_COMPILER_APPICON_NAME = AppIcon;
				INFOPLIST_FILE = "Psychologist-L7/Info.plist";
				LD_RUNPATH_SEARCH_PATHS = "$(inherited) @executable_path/Frameworks";
				PRODUCT_BUNDLE_IDENTIFIER = "com.anoop.Psychologist-L7";
				PRODUCT_NAME = "$(TARGET_NAME)";
			};
			name = Debug;
		};
		6ECF471C1CB2277D00CAA48A /* Release */ = {
			isa = XCBuildConfiguration;
			buildSettings = {
				ASSETCATALOG_COMPILER_APPICON_NAME = AppIcon;
				INFOPLIST_FILE = "Psychologist-L7/Info.plist";
				LD_RUNPATH_SEARCH_PATHS = "$(inherited) @executable_path/Frameworks";
				PRODUCT_BUNDLE_IDENTIFIER = "com.anoop.Psychologist-L7";
				PRODUCT_NAME = "$(TARGET_NAME)";
			};
			name = Release;
		};
/* End XCBuildConfiguration section */

/* Begin XCConfigurationList section */
		6ECF47031CB2277D00CAA48A /* Build configuration list for PBXProject "Psychologist-L7" */ = {
			isa = XCConfigurationList;
			buildConfigurations = (
				6ECF47181CB2277D00CAA48A /* Debug */,
				6ECF47191CB2277D00CAA48A /* Release */,
			);
			defaultConfigurationIsVisible = 0;
			defaultConfigurationName = Release;
		};
		6ECF471A1CB2277D00CAA48A /* Build configuration list for PBXNativeTarget "Psychologist-L7" */ = {
			isa = XCConfigurationList;
			buildConfigurations = (
				6ECF471B1CB2277D00CAA48A /* Debug */,
				6ECF471C1CB2277D00CAA48A /* Release */,
			);
			defaultConfigurationIsVisible = 0;
		};
/* End XCConfigurationList section */
	};
	rootObject = 6ECF47001CB2277D00CAA48A /* Project object */;
}
