// !$*UTF8*$!
{
	archiveVersion = 1;
	classes = {
	};
	objectVersion = 46;
	objects = {

/* Begin PBXBuildFile section */
		6E2559581CACFBBB00A8D6CA /* CalculatorBrain.swift in Sources */ = {isa = PBXBuildFile; fileRef = 6E2559571CACFBBB00A8D6CA /* CalculatorBrain.swift */; };
		6ED1877D1CA8E3800064F48A /* AppDelegate.swift in Sources */ = {isa = PBXBuildFile; fileRef = 6ED1877C1CA8E3800064F48A /* AppDelegate.swift */; };
		6ED1877F1CA8E3800064F48A /* ViewController.swift in Sources */ = {isa = PBXBuildFile; fileRef = 6ED1877E1CA8E3800064F48A /* ViewController.swift */; };
		6ED187821CA8E3800064F48A /* Main.storyboard in Resources */ = {isa = PBXBuildFile; fileRef = 6ED187801CA8E3800064F48A /* Main.storyboard */; };
		6ED187841CA8E3800064F48A /* Assets.xcassets in Resources */ = {isa = PBXBuildFile; fileRef = 6ED187831CA8E3800064F48A /* Assets.xcassets */; };
		6ED187871CA8E3800064F48A /* LaunchScreen.storyboard in Resources */ = {isa = PBXBuildFile; fileRef = 6ED187851CA8E3800064F48A /* LaunchScreen.storyboard */; };
/* End PBXBuildFile section */

/* Begin PBXFileReference section */
		6E2559571CACFBBB00A8D6CA /* CalculatorBrain.swift */ = {isa = PBXFileReference; fileEncoding = 4; lastKnownFileType = sourcecode.swift; path = CalculatorBrain.swift; sourceTree = "<group>"; };
		6ED187791CA8E3800064F48A /* Calculator2.app */ = {isa = PBXFileReference; explicitFileType = wrapper.application; includeInIndex = 0; path = Calculator2.app; sourceTree = BUILT_PRODUCTS_DIR; };
		6ED1877C1CA8E3800064F48A /* AppDelegate.swift */ = {isa = PBXFileReference; lastKnownFileType = sourcecode.swift; path = AppDelegate.swift; sourceTree = "<group>"; };
		6ED1877E1CA8E3800064F48A /* ViewController.swift */ = {isa = PBXFileReference; lastKnownFileType = sourcecode.swift; path = ViewController.swift; sourceTree = "<group>"; };
		6ED187811CA8E3800064F48A /* Base */ = {isa = PBXFileReference; lastKnownFileType = file.storyboard; name = Base; path = Base.lproj/Main.storyboard; sourceTree = "<group>"; };
		6ED187831CA8E3800064F48A /* Assets.xcassets */ = {isa = PBXFileReference; lastKnownFileType = folder.assetcatalog; path = Assets.xcassets; sourceTree = "<group>"; };
		6ED187861CA8E3800064F48A /* Base */ = {isa = PBXFileReference; lastKnownFileType = file.storyboard; name = Base; path = Base.lproj/LaunchScreen.storyboard; sourceTree = "<group>"; };
		6ED187881CA8E3800064F48A /* Info.plist */ = {isa = PBXFileReference; lastKnownFileType = text.plist.xml; path = Info.plist; sourceTree = "<group>"; };
/* End PBXFileReference section */

/* Begin PBXFrameworksBuildPhase section */
		6ED187761CA8E3800064F48A /* Frameworks */ = {
			isa = PBXFrameworksBuildPhase;
			buildActionMask = 2147483647;
			files = (
			);
			runOnlyForDeploymentPostprocessing = 0;
		};
/* End PBXFrameworksBuildPhase section */

/* Begin PBXGroup section */
		6ED187701CA8E3800064F48A = {
			isa = PBXGroup;
			children = (
				6ED1877B1CA8E3800064F48A /* Calculator2 */,
				6ED1877A1CA8E3800064F48A /* Products */,
			);
			sourceTree = "<group>";
		};
		6ED1877A1CA8E3800064F48A /* Products */ = {
			isa = PBXGroup;
			children = (
				6ED187791CA8E3800064F48A /* Calculator2.app */,
			);
			name = Products;
			sourceTree = "<group>";
		};
		6ED1877B1CA8E3800064F48A /* Calculator2 */ = {
			isa = PBXGroup;
			children = (
				6ED1877C1CA8E3800064F48A /* AppDelegate.swift */,
				6ED1877E1CA8E3800064F48A /* ViewController.swift */,
				6E2559571CACFBBB00A8D6CA /* CalculatorBrain.swift */,
				6ED187801CA8E3800064F48A /* Main.storyboard */,
				6ED187831CA8E3800064F48A /* Assets.xcassets */,
				6ED187851CA8E3800064F48A /* LaunchScreen.storyboard */,
				6ED187881CA8E3800064F48A /* Info.plist */,
			);
			path = Calculator2;
			sourceTree = "<group>";
		};
/* End PBXGroup section */

/* Begin PBXNativeTarget section */
		6ED187781CA8E3800064F48A /* Calculator2 */ = {
			isa = PBXNativeTarget;
			buildConfigurationList = 6ED1878B1CA8E3800064F48A /* Build configuration list for PBXNativeTarget "Calculator2" */;
			buildPhases = (
				6ED187751CA8E3800064F48A /* Sources */,
				6ED187761CA8E3800064F48A /* Frameworks */,
				6ED187771CA8E3800064F48A /* Resources */,
			);
			buildRules = (
			);
			dependencies = (
			);
			name = Calculator2;
			productName = Calculator2;
			productReference = 6ED187791CA8E3800064F48A /* Calculator2.app */;
			productType = "com.apple.product-type.application";
		};
/* End PBXNativeTarget section */

/* Begin PBXProject section */
		6ED187711CA8E3800064F48A /* Project object */ = {
			isa = PBXProject;
			attributes = {
				LastSwiftUpdateCheck = 0720;
				LastUpgradeCheck = 0720;
				ORGANIZATIONNAME = Anoop;
				TargetAttributes = {
					6ED187781CA8E3800064F48A = {
						CreatedOnToolsVersion = 7.2.1;
						DevelopmentTeam = 985Q2B2R3X;
					};
				};
			};
			buildConfigurationList = 6ED187741CA8E3800064F48A /* Build configuration list for PBXProject "Calculator2" */;
			compatibilityVersion = "Xcode 3.2";
			developmentRegion = English;
			hasScannedForEncodings = 0;
			knownRegions = (
				en,
				Base,
			);
			mainGroup = 6ED187701CA8E3800064F48A;
			productRefGroup = 6ED1877A1CA8E3800064F48A /* Products */;
			projectDirPath = "";
			projectRoot = "";
			targets = (
				6ED187781CA8E3800064F48A /* Calculator2 */,
			);
		};
/* End PBXProject section */

/* Begin PBXResourcesBuildPhase section */
		6ED187771CA8E3800064F48A /* Resources */ = {
			isa = PBXResourcesBuildPhase;
			buildActionMask = 2147483647;
			files = (
				6ED187871CA8E3800064F48A /* LaunchScreen.storyboard in Resources */,
				6ED187841CA8E3800064F48A /* Assets.xcassets in Resources */,
				6ED187821CA8E3800064F48A /* Main.storyboard in Resources */,
			);
			runOnlyForDeploymentPostprocessing = 0;
		};
/* End PBXResourcesBuildPhase section */

/* Begin PBXSourcesBuildPhase section */
		6ED187751CA8E3800064F48A /* Sources */ = {
			isa = PBXSourcesBuildPhase;
			buildActionMask = 2147483647;
			files = (
				6E2559581CACFBBB00A8D6CA /* CalculatorBrain.swift in Sources */,
				6ED1877F1CA8E3800064F48A /* ViewController.swift in Sources */,
				6ED1877D1CA8E3800064F48A /* AppDelegate.swift in Sources */,
			);
			runOnlyForDeploymentPostprocessing = 0;
		};
/* End PBXSourcesBuildPhase section */

/* Begin PBXVariantGroup section */
		6ED187801CA8E3800064F48A /* Main.storyboard */ = {
			isa = PBXVariantGroup;
			children = (
				6ED187811CA8E3800064F48A /* Base */,
			);
			name = Main.storyboard;
			sourceTree = "<group>";
		};
		6ED187851CA8E3800064F48A /* LaunchScreen.storyboard */ = {
			isa = PBXVariantGroup;
			children = (
				6ED187861CA8E3800064F48A /* Base */,
			);
			name = LaunchScreen.storyboard;
			sourceTree = "<group>";
		};
/* End PBXVariantGroup section */

/* Begin XCBuildConfiguration section */
		6ED187891CA8E3800064F48A /* Debug */ = {
			isa = XCBuildConfiguration;
			buildSettings = {
				ALWAYS_SEARCH_USER_PATHS = NO;
				CLANG_CXX_LANGUAGE_STANDARD = "gnu++0x";
				CLANG_CXX_LIBRARY = "libc++";
				CLANG_ENABLE_MODULES = YES;
				CLANG_ENABLE_OBJC_ARC = YES;
				CLANG_WARN_BOOL_CONVERSION = YES;
				CLANG_WARN_CONSTANT_CONVERSION = YES;
				CLANG_WARN_DIRECT_OBJC_ISA_USAGE = YES_ERROR;
				CLANG_WARN_EMPTY_BODY = YES;
				CLANG_WARN_ENUM_CONVERSION = YES;
				CLANG_WARN_INT_CONVERSION = YES;
				CLANG_WARN_OBJC_ROOT_CLASS = YES_ERROR;
				CLANG_WARN_UNREACHABLE_CODE = YES;
				CLANG_WARN__DUPLICATE_METHOD_MATCH = YES;
				"CODE_SIGN_IDENTITY[sdk=iphoneos*]" = "iPhone Developer";
				COPY_PHASE_STRIP = NO;
				DEBUG_INFORMATION_FORMAT = dwarf;
				ENABLE_STRICT_OBJC_MSGSEND = YES;
				ENABLE_TESTABILITY = YES;
				GCC_C_LANGUAGE_STANDARD = gnu99;
				GCC_DYNAMIC_NO_PIC = NO;
				GCC_NO_COMMON_BLOCKS = YES;
				GCC_OPTIMIZATION_LEVEL = 0;
				GCC_PREPROCESSOR_DEFINITIONS = (
					"DEBUG=1",
					"$(inherited)",
				);
				GCC_WARN_64_TO_32_BIT_CONVERSION = YES;
				GCC_WARN_ABOUT_RETURN_TYPE = YES_ERROR;
				GCC_WARN_UNDECLARED_SELECTOR = YES;
				GCC_WARN_UNINITIALIZED_AUTOS = YES_AGGRESSIVE;
				GCC_WARN_UNUSED_FUNCTION = YES;
				GCC_WARN_UNUSED_VARIABLE = YES;
				IPHONEOS_DEPLOYMENT_TARGET = 9.2;
				MTL_ENABLE_DEBUG_INFO = YES;
				ONLY_ACTIVE_ARCH = YES;
				SDKROOT = iphoneos;
				SWIFT_OPTIMIZATION_LEVEL = "-Onone";
				TARGETED_DEVICE_FAMILY = "1,2";
			};
			name = Debug;
		};
		6ED1878A1CA8E3800064F48A /* Release */ = {
			isa = XCBuildConfiguration;
			buildSettings = {
				ALWAYS_SEARCH_USER_PATHS = NO;
				CLANG_CXX_LANGUAGE_STANDARD = "gnu++0x";
				CLANG_CXX_LIBRARY = "libc++";
				CLANG_ENABLE_MODULES = YES;
				CLANG_ENABLE_OBJC_ARC = YES;
				CLANG_WARN_BOOL_CONVERSION = YES;
				CLANG_WARN_CONSTANT_CONVERSION = YES;
				CLANG_WARN_DIRECT_OBJC_ISA_USAGE = YES_ERROR;
				CLANG_WARN_EMPTY_BODY = YES;
				CLANG_WARN_ENUM_CONVERSION = YES;
				CLANG_WARN_INT_CONVERSION = YES;
				CLANG_WARN_OBJC_ROOT_CLASS = YES_ERROR;
				CLANG_WARN_UNREACHABLE_CODE = YES;
				CLANG_WARN__DUPLICATE_METHOD_MATCH = YES;
				"CODE_SIGN_IDENTITY[sdk=iphoneos*]" = "iPhone Developer";
				COPY_PHASE_STRIP = NO;
				DEBUG_INFORMATION_FORMAT = "dwarf-with-dsym";
				ENABLE_NS_ASSERTIONS = NO;
				ENABLE_STRICT_OBJC_MSGSEND = YES;
				GCC_C_LANGUAGE_STANDARD = gnu99;
				GCC_NO_COMMON_BLOCKS = YES;
				GCC_WARN_64_TO_32_BIT_CONVERSION = YES;
				GCC_WARN_ABOUT_RETURN_TYPE = YES_ERROR;
				GCC_WARN_UNDECLARED_SELECTOR = YES;
				GCC_WARN_UNINITIALIZED_AUTOS = YES_AGGRESSIVE;
				GCC_WARN_UNUSED_FUNCTION = YES;
				GCC_WARN_UNUSED_VARIABLE = YES;
				IPHONEOS_DEPLOYMENT_TARGET = 9.2;
				MTL_ENABLE_DEBUG_INFO = NO;
				SDKROOT = iphoneos;
				TARGETED_DEVICE_FAMILY = "1,2";
				VALIDATE_PRODUCT = YES;
			};
			name = Release;
		};
		6ED1878C1CA8E3800064F48A /* Debug */ = {
			isa = XCBuildConfiguration;
			buildSettings = {
				ASSETCATALOG_COMPILER_APPICON_NAME = AppIcon;
				INFOPLIST_FILE = Calculator2/Info.plist;
				LD_RUNPATH_SEARCH_PATHS = "$(inherited) @executable_path/Frameworks";
				PRODUCT_BUNDLE_IDENTIFIER = com.anoop.Calculator2;
				PRODUCT_NAME = "$(TARGET_NAME)";
			};
			name = Debug;
		};
		6ED1878D1CA8E3800064F48A /* Release */ = {
			isa = XCBuildConfiguration;
			buildSettings = {
				ASSETCATALOG_COMPILER_APPICON_NAME = AppIcon;
				INFOPLIST_FILE = Calculator2/Info.plist;
				LD_RUNPATH_SEARCH_PATHS = "$(inherited) @executable_path/Frameworks";
				PRODUCT_BUNDLE_IDENTIFIER = com.anoop.Calculator2;
				PRODUCT_NAME = "$(TARGET_NAME)";
			};
			name = Release;
		};
/* End XCBuildConfiguration section */

/* Begin XCConfigurationList section */
		6ED187741CA8E3800064F48A /* Build configuration list for PBXProject "Calculator2" */ = {
			isa = XCConfigurationList;
			buildConfigurations = (
				6ED187891CA8E3800064F48A /* Debug */,
				6ED1878A1CA8E3800064F48A /* Release */,
			);
			defaultConfigurationIsVisible = 0;
			defaultConfigurationName = Release;
		};
		6ED1878B1CA8E3800064F48A /* Build configuration list for PBXNativeTarget "Calculator2" */ = {
			isa = XCConfigurationList;
			buildConfigurations = (
				6ED1878C1CA8E3800064F48A /* Debug */,
				6ED1878D1CA8E3800064F48A /* Release */,
			);
			defaultConfigurationIsVisible = 0;
			defaultConfigurationName = Release;
		};
/* End XCConfigurationList section */
	};
	rootObject = 6ED187711CA8E3800064F48A /* Project object */;
}
